
Microsoft Visual Studio Solution File, Format Version 12.00
# Visual Studio 15
VisualStudioVersion = 15.0.27130.2027
MinimumVisualStudioVersion = 10.0.40219.1
Project("{9A19103F-16F7-4668-BE54-9A1E7A4F7556}") = "Ninja.WebSockets", "Ninja.WebSockets\Ninja.WebSockets.csproj", "{03D712A7-61AE-46AC-89EC-6C8756703FDB}"
EndProject
Project("{9A19103F-16F7-4668-BE54-9A1E7A4F7556}") = "Ninja.WebSockets.DemoClient", "Ninja.WebSockets.DemoClient\Ninja.WebSockets.DemoClient.csproj", "{29F39040-ADCA-4CBB-B36A-9193E427B603}"
EndProject
Project("{9A19103F-16F7-4668-BE54-9A1E7A4F7556}") = "Ninja.WebSockets.DemoServer", "Ninja.WebSockets.DemoServer\Ninja.WebSockets.DemoServer.csproj", "{BFC6F7F6-93B9-4E7C-AC1E-86517C21A053}"
EndProject
Project("{9A19103F-16F7-4668-BE54-9A1E7A4F7556}") = "Ninja.WebSockets.UnitTests", "Ninja.WebSockets.UnitTests\Ninja.WebSockets.UnitTests.csproj", "{E292CCA7-0C73-4520-8B86-A614637648A9}"
EndProject
Project("{2150E333-8FDC-42A3-9474-1A3956D46DE8}") = "Solution Items", "Solution Items", "{2FE82E17-7C02-4B44-B0B2-4ED31970D0DE}"
	ProjectSection(SolutionItems) = preProject
		icon.png = icon.png
		icon.svg = icon.svg
		LICENCE.md = LICENCE.md
		README.md = README.md
	EndProjectSection
EndProject
Global
	GlobalSection(SolutionConfigurationPlatforms) = preSolution
		Debug|Any CPU = Debug|Any CPU
		Release|Any CPU = Release|Any CPU
		ReleaseSigned|Any CPU = ReleaseSigned|Any CPU
	EndGlobalSection
	GlobalSection(ProjectConfigurationPlatforms) = postSolution
		{03D712A7-61AE-46AC-89EC-6C8756703FDB}.Debug|Any CPU.ActiveCfg = Debug|Any CPU
		{03D712A7-61AE-46AC-89EC-6C8756703FDB}.Debug|Any CPU.Build.0 = Debug|Any CPU
		{03D712A7-61AE-46AC-89EC-6C8756703FDB}.Release|Any CPU.ActiveCfg = Release|Any CPU
		{03D712A7-61AE-46AC-89EC-6C8756703FDB}.Release|Any CPU.Build.0 = Release|Any CPU
		{03D712A7-61AE-46AC-89EC-6C8756703FDB}.ReleaseSigned|Any CPU.ActiveCfg = ReleaseSigned|Any CPU
		{03D712A7-61AE-46AC-89EC-6C8756703FDB}.ReleaseSigned|Any CPU.Build.0 = ReleaseSigned|Any CPU
		{29F39040-ADCA-4CBB-B36A-9193E427B603}.Debug|Any CPU.ActiveCfg = Debug|Any CPU
		{29F39040-ADCA-4CBB-B36A-9193E427B603}.Debug|Any CPU.Build.0 = Debug|Any CPU
		{29F39040-ADCA-4CBB-B36A-9193E427B603}.Release|Any CPU.ActiveCfg = Release|Any CPU
		{29F39040-ADCA-4CBB-B36A-9193E427B603}.Release|Any CPU.Build.0 = Release|Any CPU
		{29F39040-ADCA-4CBB-B36A-9193E427B603}.ReleaseSigned|Any CPU.ActiveCfg = ReleaseSigned|Any CPU
		{29F39040-ADCA-4CBB-B36A-9193E427B603}.ReleaseSigned|Any CPU.Build.0 = ReleaseSigned|Any CPU
		{BFC6F7F6-93B9-4E7C-AC1E-86517C21A053}.Debug|Any CPU.ActiveCfg = Debug|Any CPU
		{BFC6F7F6-93B9-4E7C-AC1E-86517C21A053}.Debug|Any CPU.Build.0 = Debug|Any CPU
		{BFC6F7F6-93B9-4E7C-AC1E-86517C21A053}.Release|Any CPU.ActiveCfg = Release|Any CPU
		{BFC6F7F6-93B9-4E7C-AC1E-86517C21A053}.Release|Any CPU.Build.0 = Release|Any CPU
		{BFC6F7F6-93B9-4E7C-AC1E-86517C21A053}.ReleaseSigned|Any CPU.ActiveCfg = ReleaseSigned|Any CPU
		{BFC6F7F6-93B9-4E7C-AC1E-86517C21A053}.ReleaseSigned|Any CPU.Build.0 = ReleaseSigned|Any CPU
		{E292CCA7-0C73-4520-8B86-A614637648A9}.Debug|Any CPU.ActiveCfg = Debug|Any CPU
		{E292CCA7-0C73-4520-8B86-A614637648A9}.Debug|Any CPU.Build.0 = Debug|Any CPU
		{E292CCA7-0C73-4520-8B86-A614637648A9}.Release|Any CPU.ActiveCfg = Release|Any CPU
		{E292CCA7-0C73-4520-8B86-A614637648A9}.Release|Any CPU.Build.0 = Release|Any CPU
		{E292CCA7-0C73-4520-8B86-A614637648A9}.ReleaseSigned|Any CPU.ActiveCfg = ReleaseSigned|Any CPU
		{E292CCA7-0C73-4520-8B86-A614637648A9}.ReleaseSigned|Any CPU.Build.0 = ReleaseSigned|Any CPU
	EndGlobalSection
	GlobalSection(SolutionProperties) = preSolution
		HideSolutionNode = FALSE
	EndGlobalSection
	GlobalSection(ExtensibilityGlobals) = postSolution
		SolutionGuid = {55AC9580-1804-4EA3-9331-B955EDBA82FE}
	EndGlobalSection
EndGlobal
